// !$*UTF8*$!
{
	archiveVersion = 1;
	classes = {
	};
	objectVersion = 50;
	objects = {

/* Begin PBXBuildFile section */
		F02DC65B21734AE400F098C9 /* countrycodes.js in Resources */ = {isa = PBXBuildFile; fileRef = F02DC65A21734AE400F098C9 /* countrycodes.js */; };
		F02DC65D21734CA500F098C9 /* countries.json in Resources */ = {isa = PBXBuildFile; fileRef = F02DC65C21734CA500F098C9 /* countries.json */; };
		F02DC66021734D1500F098C9 /* Country.m in Sources */ = {isa = PBXBuildFile; fileRef = F02DC65F21734D1500F098C9 /* Country.m */; };
		F02DC664217354B000F098C9 /* AppController.m in Sources */ = {isa = PBXBuildFile; fileRef = F02DC663217354B000F098C9 /* AppController.m */; };
		F04D51D02168A9E4008D2FC8 /* AppDelegate.m in Sources */ = {isa = PBXBuildFile; fileRef = F04D51CF2168A9E4008D2FC8 /* AppDelegate.m */; };
		F04D51D82168A9E6008D2FC8 /* Assets.xcassets in Resources */ = {isa = PBXBuildFile; fileRef = F04D51D72168A9E6008D2FC8 /* Assets.xcassets */; };
		F04D51DB2168A9E6008D2FC8 /* LaunchScreen.storyboard in Resources */ = {isa = PBXBuildFile; fileRef = F04D51D92168A9E6008D2FC8 /* LaunchScreen.storyboard */; };
		F04D51DE2168A9E6008D2FC8 /* main.m in Sources */ = {isa = PBXBuildFile; fileRef = F04D51DD2168A9E6008D2FC8 /* main.m */; };
		F04D51E82168A9E6008D2FC8 /* RankedTests.m in Sources */ = {isa = PBXBuildFile; fileRef = F04D51E72168A9E6008D2FC8 /* RankedTests.m */; };
		F04D51F92168AA90008D2FC8 /* AppsController.m in Sources */ = {isa = PBXBuildFile; fileRef = F04D51F72168AA90008D2FC8 /* AppsController.m */; };
		F04D51FA2168AA90008D2FC8 /* AppsController.xib in Resources */ = {isa = PBXBuildFile; fileRef = F04D51F82168AA90008D2FC8 /* AppsController.xib */; };
		F04D51FF2168AC19008D2FC8 /* AppCell.m in Sources */ = {isa = PBXBuildFile; fileRef = F04D51FD2168AC19008D2FC8 /* AppCell.m */; };
		F04D52002168AC19008D2FC8 /* AppCell.xib in Resources */ = {isa = PBXBuildFile; fileRef = F04D51FE2168AC19008D2FC8 /* AppCell.xib */; };
		F04D52032168AD33008D2FC8 /* AppsController+Actions.m in Sources */ = {isa = PBXBuildFile; fileRef = F04D52022168AD33008D2FC8 /* AppsController+Actions.m */; };
		F04D52062168ADC3008D2FC8 /* SearchAppController.m in Sources */ = {isa = PBXBuildFile; fileRef = F04D52052168ADC3008D2FC8 /* SearchAppController.m */; };
		F04D520A2168B112008D2FC8 /* TunesManager.m in Sources */ = {isa = PBXBuildFile; fileRef = F04D52092168B112008D2FC8 /* TunesManager.m */; };
		F04D520E2168B616008D2FC8 /* AppSearchCell.m in Sources */ = {isa = PBXBuildFile; fileRef = F04D520C2168B616008D2FC8 /* AppSearchCell.m */; };
		F04D520F2168B616008D2FC8 /* AppSearchCell.xib in Resources */ = {isa = PBXBuildFile; fileRef = F04D520D2168B616008D2FC8 /* AppSearchCell.xib */; };
		F088F39D2169DF8300F292C0 /* InfoPlist.strings in Resources */ = {isa = PBXBuildFile; fileRef = F088F39B2169DF8200F292C0 /* InfoPlist.strings */; };
		F088F3A02169DF8300F292C0 /* Localizable.strings in Resources */ = {isa = PBXBuildFile; fileRef = F088F39E2169DF8300F292C0 /* Localizable.strings */; };
		F0B17A6621692D9300F3E88C /* AppManager.m in Sources */ = {isa = PBXBuildFile; fileRef = F0B17A6521692D9300F3E88C /* AppManager.m */; };
		F0B17A6A21692E1300F3E88C /* App.m in Sources */ = {isa = PBXBuildFile; fileRef = F0B17A6921692E1300F3E88C /* App.m */; };
/* End PBXBuildFile section */

/* Begin PBXContainerItemProxy section */
		F04D51E42168A9E6008D2FC8 /* PBXContainerItemProxy */ = {
			isa = PBXContainerItemProxy;
			containerPortal = F04D51C32168A9E4008D2FC8 /* Project object */;
			proxyType = 1;
			remoteGlobalIDString = F04D51CA2168A9E4008D2FC8;
			remoteInfo = Ranked;
		};
/* End PBXContainerItemProxy section */

/* Begin PBXFileReference section */
		F02DC65A21734AE400F098C9 /* countrycodes.js */ = {isa = PBXFileReference; lastKnownFileType = sourcecode.javascript; path = countrycodes.js; sourceTree = "<group>"; };
		F02DC65C21734CA500F098C9 /* countries.json */ = {isa = PBXFileReference; lastKnownFileType = text.json; path = countries.json; sourceTree = "<group>"; };
		F02DC65E21734D1500F098C9 /* Country.h */ = {isa = PBXFileReference; lastKnownFileType = sourcecode.c.h; path = Country.h; sourceTree = "<group>"; };
		F02DC65F21734D1500F098C9 /* Country.m */ = {isa = PBXFileReference; lastKnownFileType = sourcecode.c.objc; path = Country.m; sourceTree = "<group>"; };
		F02DC662217354B000F098C9 /* AppController.h */ = {isa = PBXFileReference; lastKnownFileType = sourcecode.c.h; path = AppController.h; sourceTree = "<group>"; };
		F02DC663217354B000F098C9 /* AppController.m */ = {isa = PBXFileReference; lastKnownFileType = sourcecode.c.objc; path = AppController.m; sourceTree = "<group>"; };
		F04D51CB2168A9E4008D2FC8 /* Ranked.app */ = {isa = PBXFileReference; explicitFileType = wrapper.application; includeInIndex = 0; path = Ranked.app; sourceTree = BUILT_PRODUCTS_DIR; };
		F04D51CE2168A9E4008D2FC8 /* AppDelegate.h */ = {isa = PBXFileReference; lastKnownFileType = sourcecode.c.h; path = AppDelegate.h; sourceTree = "<group>"; };
		F04D51CF2168A9E4008D2FC8 /* AppDelegate.m */ = {isa = PBXFileReference; lastKnownFileType = sourcecode.c.objc; path = AppDelegate.m; sourceTree = "<group>"; };
		F04D51D72168A9E6008D2FC8 /* Assets.xcassets */ = {isa = PBXFileReference; lastKnownFileType = folder.assetcatalog; path = Assets.xcassets; sourceTree = "<group>"; };
		F04D51DA2168A9E6008D2FC8 /* Base */ = {isa = PBXFileReference; lastKnownFileType = file.storyboard; name = Base; path = Base.lproj/LaunchScreen.storyboard; sourceTree = "<group>"; };
		F04D51DC2168A9E6008D2FC8 /* Info.plist */ = {isa = PBXFileReference; lastKnownFileType = text.plist.xml; path = Info.plist; sourceTree = "<group>"; };
		F04D51DD2168A9E6008D2FC8 /* main.m */ = {isa = PBXFileReference; lastKnownFileType = sourcecode.c.objc; path = main.m; sourceTree = "<group>"; };
		F04D51E32168A9E6008D2FC8 /* RankedTests.xctest */ = {isa = PBXFileReference; explicitFileType = wrapper.cfbundle; includeInIndex = 0; path = RankedTests.xctest; sourceTree = BUILT_PRODUCTS_DIR; };
		F04D51E72168A9E6008D2FC8 /* RankedTests.m */ = {isa = PBXFileReference; lastKnownFileType = sourcecode.c.objc; path = RankedTests.m; sourceTree = "<group>"; };
		F04D51E92168A9E6008D2FC8 /* Info.plist */ = {isa = PBXFileReference; lastKnownFileType = text.plist.xml; path = Info.plist; sourceTree = "<group>"; };
		F04D51F62168AA90008D2FC8 /* AppsController.h */ = {isa = PBXFileReference; lastKnownFileType = sourcecode.c.h; path = AppsController.h; sourceTree = "<group>"; };
		F04D51F72168AA90008D2FC8 /* AppsController.m */ = {isa = PBXFileReference; lastKnownFileType = sourcecode.c.objc; path = AppsController.m; sourceTree = "<group>"; };
		F04D51F82168AA90008D2FC8 /* AppsController.xib */ = {isa = PBXFileReference; lastKnownFileType = file.xib; path = AppsController.xib; sourceTree = "<group>"; };
		F04D51FC2168AC19008D2FC8 /* AppCell.h */ = {isa = PBXFileReference; lastKnownFileType = sourcecode.c.h; path = AppCell.h; sourceTree = "<group>"; };
		F04D51FD2168AC19008D2FC8 /* AppCell.m */ = {isa = PBXFileReference; lastKnownFileType = sourcecode.c.objc; path = AppCell.m; sourceTree = "<group>"; };
		F04D51FE2168AC19008D2FC8 /* AppCell.xib */ = {isa = PBXFileReference; lastKnownFileType = file.xib; path = AppCell.xib; sourceTree = "<group>"; };
		F04D52012168AD33008D2FC8 /* AppsController+Actions.h */ = {isa = PBXFileReference; lastKnownFileType = sourcecode.c.h; path = "AppsController+Actions.h"; sourceTree = "<group>"; };
		F04D52022168AD33008D2FC8 /* AppsController+Actions.m */ = {isa = PBXFileReference; lastKnownFileType = sourcecode.c.objc; path = "AppsController+Actions.m"; sourceTree = "<group>"; };
		F04D52042168ADC3008D2FC8 /* SearchAppController.h */ = {isa = PBXFileReference; lastKnownFileType = sourcecode.c.h; path = SearchAppController.h; sourceTree = "<group>"; };
		F04D52052168ADC3008D2FC8 /* SearchAppController.m */ = {isa = PBXFileReference; lastKnownFileType = sourcecode.c.objc; path = SearchAppController.m; sourceTree = "<group>"; };
		F04D52082168B112008D2FC8 /* TunesManager.h */ = {isa = PBXFileReference; lastKnownFileType = sourcecode.c.h; path = TunesManager.h; sourceTree = "<group>"; };
		F04D52092168B112008D2FC8 /* TunesManager.m */ = {isa = PBXFileReference; lastKnownFileType = sourcecode.c.objc; path = TunesManager.m; sourceTree = "<group>"; };
		F04D520B2168B616008D2FC8 /* AppSearchCell.h */ = {isa = PBXFileReference; lastKnownFileType = sourcecode.c.h; path = AppSearchCell.h; sourceTree = "<group>"; };
		F04D520C2168B616008D2FC8 /* AppSearchCell.m */ = {isa = PBXFileReference; lastKnownFileType = sourcecode.c.objc; path = AppSearchCell.m; sourceTree = "<group>"; };
		F04D520D2168B616008D2FC8 /* AppSearchCell.xib */ = {isa = PBXFileReference; lastKnownFileType = file.xib; path = AppSearchCell.xib; sourceTree = "<group>"; };
		F088F39C2169DF8200F292C0 /* en */ = {isa = PBXFileReference; lastKnownFileType = text.plist.strings; name = en; path = en.lproj/InfoPlist.strings; sourceTree = "<group>"; };
		F088F39F2169DF8300F292C0 /* en */ = {isa = PBXFileReference; lastKnownFileType = text.plist.strings; name = en; path = en.lproj/Localizable.strings; sourceTree = "<group>"; };
		F0B17A6421692D9300F3E88C /* AppManager.h */ = {isa = PBXFileReference; lastKnownFileType = sourcecode.c.h; path = AppManager.h; sourceTree = "<group>"; };
		F0B17A6521692D9300F3E88C /* AppManager.m */ = {isa = PBXFileReference; lastKnownFileType = sourcecode.c.objc; path = AppManager.m; sourceTree = "<group>"; };
		F0B17A6821692E1300F3E88C /* App.h */ = {isa = PBXFileReference; lastKnownFileType = sourcecode.c.h; path = App.h; sourceTree = "<group>"; };
		F0B17A6921692E1300F3E88C /* App.m */ = {isa = PBXFileReference; lastKnownFileType = sourcecode.c.objc; path = App.m; sourceTree = "<group>"; };
		F0B17A6B21692F6600F3E88C /* macros.h */ = {isa = PBXFileReference; lastKnownFileType = sourcecode.c.h; path = macros.h; sourceTree = "<group>"; };
/* End PBXFileReference section */

/* Begin PBXFrameworksBuildPhase section */
		F04D51C82168A9E4008D2FC8 /* Frameworks */ = {
			isa = PBXFrameworksBuildPhase;
			buildActionMask = 2147483647;
			files = (
			);
			runOnlyForDeploymentPostprocessing = 0;
		};
		F04D51E02168A9E6008D2FC8 /* Frameworks */ = {
			isa = PBXFrameworksBuildPhase;
			buildActionMask = 2147483647;
			files = (
			);
			runOnlyForDeploymentPostprocessing = 0;
		};
/* End PBXFrameworksBuildPhase section */

/* Begin PBXGroup section */
		F02DC6612173548D00F098C9 /* App */ = {
			isa = PBXGroup;
			children = (
				F02DC662217354B000F098C9 /* AppController.h */,
				F02DC663217354B000F098C9 /* AppController.m */,
			);
			path = App;
			sourceTree = "<group>";
		};
		F04D51C22168A9E4008D2FC8 = {
			isa = PBXGroup;
			children = (
				F04D51CD2168A9E4008D2FC8 /* Ranked */,
				F04D51E62168A9E6008D2FC8 /* RankedTests */,
				F04D51CC2168A9E4008D2FC8 /* Products */,
			);
			sourceTree = "<group>";
		};
		F04D51CC2168A9E4008D2FC8 /* Products */ = {
			isa = PBXGroup;
			children = (
				F04D51CB2168A9E4008D2FC8 /* Ranked.app */,
				F04D51E32168A9E6008D2FC8 /* RankedTests.xctest */,
			);
			name = Products;
			sourceTree = "<group>";
		};
		F04D51CD2168A9E4008D2FC8 /* Ranked */ = {
			isa = PBXGroup;
			children = (
				F04D51F22168AA23008D2FC8 /* App Delegate */,
				F04D51F32168AA2F008D2FC8 /* Controllers */,
				F0B17A6721692E0600F3E88C /* Models */,
				F04D51FB2168AC03008D2FC8 /* Views */,
				F04D52072168B100008D2FC8 /* Managers */,
				F04D51F42168AA40008D2FC8 /* Supporting Files */,
			);
			path = Ranked;
			sourceTree = "<group>";
		};
		F04D51E62168A9E6008D2FC8 /* RankedTests */ = {
			isa = PBXGroup;
			children = (
				F04D51E72168A9E6008D2FC8 /* RankedTests.m */,
				F04D51E92168A9E6008D2FC8 /* Info.plist */,
			);
			path = RankedTests;
			sourceTree = "<group>";
		};
		F04D51F22168AA23008D2FC8 /* App Delegate */ = {
			isa = PBXGroup;
			children = (
				F04D51CE2168A9E4008D2FC8 /* AppDelegate.h */,
				F04D51CF2168A9E4008D2FC8 /* AppDelegate.m */,
			);
			path = "App Delegate";
			sourceTree = "<group>";
		};
		F04D51F32168AA2F008D2FC8 /* Controllers */ = {
			isa = PBXGroup;
			children = (
				F04D51F52168AA80008D2FC8 /* Apps */,
				F02DC6612173548D00F098C9 /* App */,
			);
			path = Controllers;
			sourceTree = "<group>";
		};
		F04D51F42168AA40008D2FC8 /* Supporting Files */ = {
			isa = PBXGroup;
			children = (
				F04D51D72168A9E6008D2FC8 /* Assets.xcassets */,
				F04D51D92168A9E6008D2FC8 /* LaunchScreen.storyboard */,
				F04D51DC2168A9E6008D2FC8 /* Info.plist */,
				F088F39E2169DF8300F292C0 /* Localizable.strings */,
				F088F39B2169DF8200F292C0 /* InfoPlist.strings */,
				F04D51DD2168A9E6008D2FC8 /* main.m */,
				F0B17A6B21692F6600F3E88C /* macros.h */,
				F02DC65A21734AE400F098C9 /* countrycodes.js */,
				F02DC65C21734CA500F098C9 /* countries.json */,
			);
			path = "Supporting Files";
			sourceTree = "<group>";
		};
		F04D51F52168AA80008D2FC8 /* Apps */ = {
			isa = PBXGroup;
			children = (
				F04D51F62168AA90008D2FC8 /* AppsController.h */,
				F04D51F72168AA90008D2FC8 /* AppsController.m */,
				F04D51F82168AA90008D2FC8 /* AppsController.xib */,
				F04D52012168AD33008D2FC8 /* AppsController+Actions.h */,
				F04D52022168AD33008D2FC8 /* AppsController+Actions.m */,
				F04D52042168ADC3008D2FC8 /* SearchAppController.h */,
				F04D52052168ADC3008D2FC8 /* SearchAppController.m */,
			);
			path = Apps;
			sourceTree = "<group>";
		};
		F04D51FB2168AC03008D2FC8 /* Views */ = {
			isa = PBXGroup;
			children = (
				F04D51FC2168AC19008D2FC8 /* AppCell.h */,
				F04D51FD2168AC19008D2FC8 /* AppCell.m */,
				F04D51FE2168AC19008D2FC8 /* AppCell.xib */,
				F04D520B2168B616008D2FC8 /* AppSearchCell.h */,
				F04D520C2168B616008D2FC8 /* AppSearchCell.m */,
				F04D520D2168B616008D2FC8 /* AppSearchCell.xib */,
			);
			path = Views;
			sourceTree = "<group>";
		};
		F04D52072168B100008D2FC8 /* Managers */ = {
			isa = PBXGroup;
			children = (
				F04D52082168B112008D2FC8 /* TunesManager.h */,
				F04D52092168B112008D2FC8 /* TunesManager.m */,
				F0B17A6421692D9300F3E88C /* AppManager.h */,
				F0B17A6521692D9300F3E88C /* AppManager.m */,
			);
			path = Managers;
			sourceTree = "<group>";
		};
		F0B17A6721692E0600F3E88C /* Models */ = {
			isa = PBXGroup;
			children = (
				F0B17A6821692E1300F3E88C /* App.h */,
				F0B17A6921692E1300F3E88C /* App.m */,
				F02DC65E21734D1500F098C9 /* Country.h */,
				F02DC65F21734D1500F098C9 /* Country.m */,
			);
			path = Models;
			sourceTree = "<group>";
		};
/* End PBXGroup section */

/* Begin PBXNativeTarget section */
		F04D51CA2168A9E4008D2FC8 /* Ranked */ = {
			isa = PBXNativeTarget;
			buildConfigurationList = F04D51EC2168A9E6008D2FC8 /* Build configuration list for PBXNativeTarget "Ranked" */;
			buildPhases = (
				F04D51C72168A9E4008D2FC8 /* Sources */,
				F04D51C82168A9E4008D2FC8 /* Frameworks */,
				F04D51C92168A9E4008D2FC8 /* Resources */,
			);
			buildRules = (
			);
			dependencies = (
			);
			name = Ranked;
			productName = Ranked;
			productReference = F04D51CB2168A9E4008D2FC8 /* Ranked.app */;
			productType = "com.apple.product-type.application";
		};
		F04D51E22168A9E6008D2FC8 /* RankedTests */ = {
			isa = PBXNativeTarget;
			buildConfigurationList = F04D51EF2168A9E6008D2FC8 /* Build configuration list for PBXNativeTarget "RankedTests" */;
			buildPhases = (
				F04D51DF2168A9E6008D2FC8 /* Sources */,
				F04D51E02168A9E6008D2FC8 /* Frameworks */,
				F04D51E12168A9E6008D2FC8 /* Resources */,
			);
			buildRules = (
			);
			dependencies = (
				F04D51E52168A9E6008D2FC8 /* PBXTargetDependency */,
			);
			name = RankedTests;
			productName = RankedTests;
			productReference = F04D51E32168A9E6008D2FC8 /* RankedTests.xctest */;
			productType = "com.apple.product-type.bundle.unit-test";
		};
/* End PBXNativeTarget section */

/* Begin PBXProject section */
		F04D51C32168A9E4008D2FC8 /* Project object */ = {
			isa = PBXProject;
			attributes = {
				LastUpgradeCheck = 1000;
				ORGANIZATIONNAME = "Nikhil Nigade";
				TargetAttributes = {
					F04D51CA2168A9E4008D2FC8 = {
						CreatedOnToolsVersion = 10.0;
					};
					F04D51E22168A9E6008D2FC8 = {
						CreatedOnToolsVersion = 10.0;
						TestTargetID = F04D51CA2168A9E4008D2FC8;
					};
				};
			};
			buildConfigurationList = F04D51C62168A9E4008D2FC8 /* Build configuration list for PBXProject "Ranked" */;
			compatibilityVersion = "Xcode 9.3";
			developmentRegion = en;
			hasScannedForEncodings = 0;
			knownRegions = (
				en,
				Base,
			);
			mainGroup = F04D51C22168A9E4008D2FC8;
			productRefGroup = F04D51CC2168A9E4008D2FC8 /* Products */;
			projectDirPath = "";
			projectRoot = "";
			targets = (
				F04D51CA2168A9E4008D2FC8 /* Ranked */,
				F04D51E22168A9E6008D2FC8 /* RankedTests */,
			);
		};
/* End PBXProject section */

/* Begin PBXResourcesBuildPhase section */
		F04D51C92168A9E4008D2FC8 /* Resources */ = {
			isa = PBXResourcesBuildPhase;
			buildActionMask = 2147483647;
			files = (
				F04D51DB2168A9E6008D2FC8 /* LaunchScreen.storyboard in Resources */,
				F088F39D2169DF8300F292C0 /* InfoPlist.strings in Resources */,
				F04D52002168AC19008D2FC8 /* AppCell.xib in Resources */,
				F02DC65D21734CA500F098C9 /* countries.json in Resources */,
				F088F3A02169DF8300F292C0 /* Localizable.strings in Resources */,
				F02DC65B21734AE400F098C9 /* countrycodes.js in Resources */,
				F04D51FA2168AA90008D2FC8 /* AppsController.xib in Resources */,
				F04D51D82168A9E6008D2FC8 /* Assets.xcassets in Resources */,
				F04D520F2168B616008D2FC8 /* AppSearchCell.xib in Resources */,
			);
			runOnlyForDeploymentPostprocessing = 0;
		};
		F04D51E12168A9E6008D2FC8 /* Resources */ = {
			isa = PBXResourcesBuildPhase;
			buildActionMask = 2147483647;
			files = (
			);
			runOnlyForDeploymentPostprocessing = 0;
		};
/* End PBXResourcesBuildPhase section */

/* Begin PBXSourcesBuildPhase section */
		F04D51C72168A9E4008D2FC8 /* Sources */ = {
			isa = PBXSourcesBuildPhase;
			buildActionMask = 2147483647;
			files = (
				F04D51DE2168A9E6008D2FC8 /* main.m in Sources */,
				F04D520E2168B616008D2FC8 /* AppSearchCell.m in Sources */,
				F04D52032168AD33008D2FC8 /* AppsController+Actions.m in Sources */,
				F04D51FF2168AC19008D2FC8 /* AppCell.m in Sources */,
				F04D520A2168B112008D2FC8 /* TunesManager.m in Sources */,
				F0B17A6A21692E1300F3E88C /* App.m in Sources */,
				F04D51D02168A9E4008D2FC8 /* AppDelegate.m in Sources */,
				F02DC664217354B000F098C9 /* AppController.m in Sources */,
				F04D51F92168AA90008D2FC8 /* AppsController.m in Sources */,
				F02DC66021734D1500F098C9 /* Country.m in Sources */,
				F04D52062168ADC3008D2FC8 /* SearchAppController.m in Sources */,
				F0B17A6621692D9300F3E88C /* AppManager.m in Sources */,
			);
			runOnlyForDeploymentPostprocessing = 0;
		};
		F04D51DF2168A9E6008D2FC8 /* Sources */ = {
			isa = PBXSourcesBuildPhase;
			buildActionMask = 2147483647;
			files = (
				F04D51E82168A9E6008D2FC8 /* RankedTests.m in Sources */,
			);
			runOnlyForDeploymentPostprocessing = 0;
		};
/* End PBXSourcesBuildPhase section */

/* Begin PBXTargetDependency section */
		F04D51E52168A9E6008D2FC8 /* PBXTargetDependency */ = {
			isa = PBXTargetDependency;
			target = F04D51CA2168A9E4008D2FC8 /* Ranked */;
			targetProxy = F04D51E42168A9E6008D2FC8 /* PBXContainerItemProxy */;
		};
/* End PBXTargetDependency section */

/* Begin PBXVariantGroup section */
		F04D51D92168A9E6008D2FC8 /* LaunchScreen.storyboard */ = {
			isa = PBXVariantGroup;
			children = (
				F04D51DA2168A9E6008D2FC8 /* Base */,
			);
			name = LaunchScreen.storyboard;
			sourceTree = "<group>";
		};
		F088F39B2169DF8200F292C0 /* InfoPlist.strings */ = {
			isa = PBXVariantGroup;
			children = (
				F088F39C2169DF8200F292C0 /* en */,
			);
			name = InfoPlist.strings;
			sourceTree = "<group>";
		};
		F088F39E2169DF8300F292C0 /* Localizable.strings */ = {
			isa = PBXVariantGroup;
			children = (
				F088F39F2169DF8300F292C0 /* en */,
			);
			name = Localizable.strings;
			sourceTree = "<group>";
		};
/* End PBXVariantGroup section */

/* Begin XCBuildConfiguration section */
		F04D51EA2168A9E6008D2FC8 /* Debug */ = {
			isa = XCBuildConfiguration;
			buildSettings = {
				ALWAYS_SEARCH_USER_PATHS = NO;
				CLANG_ANALYZER_NONNULL = YES;
				CLANG_ANALYZER_NUMBER_OBJECT_CONVERSION = YES_AGGRESSIVE;
				CLANG_CXX_LANGUAGE_STANDARD = "gnu++14";
				CLANG_CXX_LIBRARY = "libc++";
				CLANG_ENABLE_MODULES = YES;
				CLANG_ENABLE_OBJC_ARC = YES;
				CLANG_ENABLE_OBJC_WEAK = YES;
				CLANG_WARN_BLOCK_CAPTURE_AUTORELEASING = YES;
				CLANG_WARN_BOOL_CONVERSION = YES;
				CLANG_WARN_COMMA = YES;
				CLANG_WARN_CONSTANT_CONVERSION = YES;
				CLANG_WARN_DEPRECATED_OBJC_IMPLEMENTATIONS = YES;
				CLANG_WARN_DIRECT_OBJC_ISA_USAGE = YES_ERROR;
				CLANG_WARN_DOCUMENTATION_COMMENTS = YES;
				CLANG_WARN_EMPTY_BODY = YES;
				CLANG_WARN_ENUM_CONVERSION = YES;
				CLANG_WARN_INFINITE_RECURSION = YES;
				CLANG_WARN_INT_CONVERSION = YES;
				CLANG_WARN_NON_LITERAL_NULL_CONVERSION = YES;
				CLANG_WARN_OBJC_IMPLICIT_RETAIN_SELF = YES;
				CLANG_WARN_OBJC_LITERAL_CONVERSION = YES;
				CLANG_WARN_OBJC_ROOT_CLASS = YES_ERROR;
				CLANG_WARN_RANGE_LOOP_ANALYSIS = YES;
				CLANG_WARN_STRICT_PROTOTYPES = YES;
				CLANG_WARN_SUSPICIOUS_MOVE = YES;
				CLANG_WARN_UNGUARDED_AVAILABILITY = YES_AGGRESSIVE;
				CLANG_WARN_UNREACHABLE_CODE = YES;
				CLANG_WARN__DUPLICATE_METHOD_MATCH = YES;
				CODE_SIGN_IDENTITY = "iPhone Developer";
				COPY_PHASE_STRIP = NO;
				DEBUG_INFORMATION_FORMAT = dwarf;
				ENABLE_STRICT_OBJC_MSGSEND = YES;
				ENABLE_TESTABILITY = YES;
				GCC_C_LANGUAGE_STANDARD = gnu11;
				GCC_DYNAMIC_NO_PIC = NO;
				GCC_NO_COMMON_BLOCKS = YES;
				GCC_OPTIMIZATION_LEVEL = 0;
				GCC_PREPROCESSOR_DEFINITIONS = (
					"DEBUG=1",
					"$(inherited)",
				);
				GCC_WARN_64_TO_32_BIT_CONVERSION = YES;
				GCC_WARN_ABOUT_RETURN_TYPE = YES_ERROR;
				GCC_WARN_UNDECLARED_SELECTOR = YES;
				GCC_WARN_UNINITIALIZED_AUTOS = YES_AGGRESSIVE;
				GCC_WARN_UNUSED_FUNCTION = YES;
				GCC_WARN_UNUSED_VARIABLE = YES;
				IPHONEOS_DEPLOYMENT_TARGET = 12.0;
				MTL_ENABLE_DEBUG_INFO = INCLUDE_SOURCE;
				MTL_FAST_MATH = YES;
				ONLY_ACTIVE_ARCH = YES;
				SDKROOT = iphoneos;
			};
			name = Debug;
		};
		F04D51EB2168A9E6008D2FC8 /* Release */ = {
			isa = XCBuildConfiguration;
			buildSettings = {
				ALWAYS_SEARCH_USER_PATHS = NO;
				CLANG_ANALYZER_NONNULL = YES;
				CLANG_ANALYZER_NUMBER_OBJECT_CONVERSION = YES_AGGRESSIVE;
				CLANG_CXX_LANGUAGE_STANDARD = "gnu++14";
				CLANG_CXX_LIBRARY = "libc++";
				CLANG_ENABLE_MODULES = YES;
				CLANG_ENABLE_OBJC_ARC = YES;
				CLANG_ENABLE_OBJC_WEAK = YES;
				CLANG_WARN_BLOCK_CAPTURE_AUTORELEASING = YES;
				CLANG_WARN_BOOL_CONVERSION = YES;
				CLANG_WARN_COMMA = YES;
				CLANG_WARN_CONSTANT_CONVERSION = YES;
				CLANG_WARN_DEPRECATED_OBJC_IMPLEMENTATIONS = YES;
				CLANG_WARN_DIRECT_OBJC_ISA_USAGE = YES_ERROR;
				CLANG_WARN_DOCUMENTATION_COMMENTS = YES;
				CLANG_WARN_EMPTY_BODY = YES;
				CLANG_WARN_ENUM_CONVERSION = YES;
				CLANG_WARN_INFINITE_RECURSION = YES;
				CLANG_WARN_INT_CONVERSION = YES;
				CLANG_WARN_NON_LITERAL_NULL_CONVERSION = YES;
				CLANG_WARN_OBJC_IMPLICIT_RETAIN_SELF = YES;
				CLANG_WARN_OBJC_LITERAL_CONVERSION = YES;
				CLANG_WARN_OBJC_ROOT_CLASS = YES_ERROR;
				CLANG_WARN_RANGE_LOOP_ANALYSIS = YES;
				CLANG_WARN_STRICT_PROTOTYPES = YES;
				CLANG_WARN_SUSPICIOUS_MOVE = YES;
				CLANG_WARN_UNGUARDED_AVAILABILITY = YES_AGGRESSIVE;
				CLANG_WARN_UNREACHABLE_CODE = YES;
				CLANG_WARN__DUPLICATE_METHOD_MATCH = YES;
				CODE_SIGN_IDENTITY = "iPhone Developer";
				COPY_PHASE_STRIP = NO;
				DEBUG_INFORMATION_FORMAT = "dwarf-with-dsym";
				ENABLE_NS_ASSERTIONS = NO;
				ENABLE_STRICT_OBJC_MSGSEND = YES;
				GCC_C_LANGUAGE_STANDARD = gnu11;
				GCC_NO_COMMON_BLOCKS = YES;
				GCC_WARN_64_TO_32_BIT_CONVERSION = YES;
				GCC_WARN_ABOUT_RETURN_TYPE = YES_ERROR;
				GCC_WARN_UNDECLARED_SELECTOR = YES;
				GCC_WARN_UNINITIALIZED_AUTOS = YES_AGGRESSIVE;
				GCC_WARN_UNUSED_FUNCTION = YES;
				GCC_WARN_UNUSED_VARIABLE = YES;
				IPHONEOS_DEPLOYMENT_TARGET = 12.0;
				MTL_ENABLE_DEBUG_INFO = NO;
				MTL_FAST_MATH = YES;
				SDKROOT = iphoneos;
				VALIDATE_PRODUCT = YES;
			};
			name = Release;
		};
		F04D51ED2168A9E6008D2FC8 /* Debug */ = {
			isa = XCBuildConfiguration;
			buildSettings = {
				ASSETCATALOG_COMPILER_APPICON_NAME = AppIcon;
				CODE_SIGN_STYLE = Automatic;
				DEVELOPMENT_TEAM = XMJKJH96ZT;
				INFOPLIST_FILE = "$(SRCROOT)/Ranked/Supporting Files/Info.plist";
				LD_RUNPATH_SEARCH_PATHS = (
					"$(inherited)",
					"@executable_path/Frameworks",
				);
				PRODUCT_BUNDLE_IDENTIFIER = com.dezinezync.Ranked;
				PRODUCT_NAME = "$(TARGET_NAME)";
				TARGETED_DEVICE_FAMILY = "1,2";
			};
			name = Debug;
		};
		F04D51EE2168A9E6008D2FC8 /* Release */ = {
			isa = XCBuildConfiguration;
			buildSettings = {
				ASSETCATALOG_COMPILER_APPICON_NAME = AppIcon;
				CODE_SIGN_STYLE = Automatic;
				DEVELOPMENT_TEAM = XMJKJH96ZT;
				INFOPLIST_FILE = "$(SRCROOT)/Ranked/Supporting Files/Info.plist";
				LD_RUNPATH_SEARCH_PATHS = (
					"$(inherited)",
					"@executable_path/Frameworks",
				);
				PRODUCT_BUNDLE_IDENTIFIER = com.dezinezync.Ranked;
				PRODUCT_NAME = "$(TARGET_NAME)";
				TARGETED_DEVICE_FAMILY = "1,2";
			};
			name = Release;
		};
		F04D51F02168A9E6008D2FC8 /* Debug */ = {
			isa = XCBuildConfiguration;
			buildSettings = {
				BUNDLE_LOADER = "$(TEST_HOST)";
				CODE_SIGN_STYLE = Automatic;
				DEVELOPMENT_TEAM = XMJKJH96ZT;
				INFOPLIST_FILE = RankedTests/Info.plist;
				LD_RUNPATH_SEARCH_PATHS = (
					"$(inherited)",
					"@executable_path/Frameworks",
					"@loader_path/Frameworks",
				);
				PRODUCT_BUNDLE_IDENTIFIER = com.dezinezync.RankedTests;
				PRODUCT_NAME = "$(TARGET_NAME)";
				TARGETED_DEVICE_FAMILY = "1,2";
				TEST_HOST = "$(BUILT_PRODUCTS_DIR)/Ranked.app/Ranked";
			};
			name = Debug;
		};
		F04D51F12168A9E6008D2FC8 /* Release */ = {
			isa = XCBuildConfiguration;
			buildSettings = {
				BUNDLE_LOADER = "$(TEST_HOST)";
				CODE_SIGN_STYLE = Automatic;
				DEVELOPMENT_TEAM = XMJKJH96ZT;
				INFOPLIST_FILE = RankedTests/Info.plist;
				LD_RUNPATH_SEARCH_PATHS = (
					"$(inherited)",
					"@executable_path/Frameworks",
					"@loader_path/Frameworks",
				);
				PRODUCT_BUNDLE_IDENTIFIER = com.dezinezync.RankedTests;
				PRODUCT_NAME = "$(TARGET_NAME)";
				TARGETED_DEVICE_FAMILY = "1,2";
				TEST_HOST = "$(BUILT_PRODUCTS_DIR)/Ranked.app/Ranked";
			};
			name = Release;
		};
/* End XCBuildConfiguration section */

/* Begin XCConfigurationList section */
		F04D51C62168A9E4008D2FC8 /* Build configuration list for PBXProject "Ranked" */ = {
			isa = XCConfigurationList;
			buildConfigurations = (
				F04D51EA2168A9E6008D2FC8 /* Debug */,
				F04D51EB2168A9E6008D2FC8 /* Release */,
			);
			defaultConfigurationIsVisible = 0;
			defaultConfigurationName = Release;
		};
		F04D51EC2168A9E6008D2FC8 /* Build configuration list for PBXNativeTarget "Ranked" */ = {
			isa = XCConfigurationList;
			buildConfigurations = (
				F04D51ED2168A9E6008D2FC8 /* Debug */,
				F04D51EE2168A9E6008D2FC8 /* Release */,
			);
			defaultConfigurationIsVisible = 0;
			defaultConfigurationName = Release;
		};
		F04D51EF2168A9E6008D2FC8 /* Build configuration list for PBXNativeTarget "RankedTests" */ = {
			isa = XCConfigurationList;
			buildConfigurations = (
				F04D51F02168A9E6008D2FC8 /* Debug */,
				F04D51F12168A9E6008D2FC8 /* Release */,
			);
			defaultConfigurationIsVisible = 0;
			defaultConfigurationName = Release;
		};
/* End XCConfigurationList section */
	};
	rootObject = F04D51C32168A9E4008D2FC8 /* Project object */;
}
